// !$*UTF8*$!
{
	archiveVersion = 1;
	classes = {
	};
	objectVersion = 46;
	objects = {

/* Begin PBXBuildFile section */
		7C3ADBA0190843500039F594 /* Foundation.framework in Frameworks */ = {isa = PBXBuildFile; fileRef = 7C3ADB9F190843500039F594 /* Foundation.framework */; };
		7C3ADBA2190843500039F594 /* CoreGraphics.framework in Frameworks */ = {isa = PBXBuildFile; fileRef = 7C3ADBA1190843500039F594 /* CoreGraphics.framework */; };
		7C3ADBA4190843500039F594 /* UIKit.framework in Frameworks */ = {isa = PBXBuildFile; fileRef = 7C3ADBA3190843500039F594 /* UIKit.framework */; };
		7C3ADBAA190843500039F594 /* InfoPlist.strings in Resources */ = {isa = PBXBuildFile; fileRef = 7C3ADBA8190843500039F594 /* InfoPlist.strings */; };
		7C3ADBAC190843500039F594 /* main.m in Sources */ = {isa = PBXBuildFile; fileRef = 7C3ADBAB190843500039F594 /* main.m */; };
		7C3ADBB0190843500039F594 /* AppDelegate.m in Sources */ = {isa = PBXBuildFile; fileRef = 7C3ADBAF190843500039F594 /* AppDelegate.m */; };
		7C3ADBB3190843500039F594 /* Main.storyboard in Resources */ = {isa = PBXBuildFile; fileRef = 7C3ADBB1190843500039F594 /* Main.storyboard */; };
		7C3ADBB6190843500039F594 /* FirstViewController.m in Sources */ = {isa = PBXBuildFile; fileRef = 7C3ADBB5190843500039F594 /* FirstViewController.m */; };
		7C3ADBB9190843500039F594 /* SecondViewController.m in Sources */ = {isa = PBXBuildFile; fileRef = 7C3ADBB8190843500039F594 /* SecondViewController.m */; };
		7C3ADBBB190843500039F594 /* Images.xcassets in Resources */ = {isa = PBXBuildFile; fileRef = 7C3ADBBA190843500039F594 /* Images.xcassets */; };
		7C3ADBC2190843500039F594 /* XCTest.framework in Frameworks */ = {isa = PBXBuildFile; fileRef = 7C3ADBC1190843500039F594 /* XCTest.framework */; };
		7C3ADBC3190843500039F594 /* Foundation.framework in Frameworks */ = {isa = PBXBuildFile; fileRef = 7C3ADB9F190843500039F594 /* Foundation.framework */; };
		7C3ADBC4190843500039F594 /* UIKit.framework in Frameworks */ = {isa = PBXBuildFile; fileRef = 7C3ADBA3190843500039F594 /* UIKit.framework */; };
		7C3ADBCC190843500039F594 /* InfoPlist.strings in Resources */ = {isa = PBXBuildFile; fileRef = 7C3ADBCA190843500039F594 /* InfoPlist.strings */; };
		7C3ADBCE190843500039F594 /* FreeFoodTests.m in Sources */ = {isa = PBXBuildFile; fileRef = 7C3ADBCD190843500039F594 /* FreeFoodTests.m */; };
		7CDB1458190B350B00434AC9 /* FoodViewCell.m in Sources */ = {isa = PBXBuildFile; fileRef = 7CDB1457190B350B00434AC9 /* FoodViewCell.m */; };
		7CDB145B190B505F00434AC9 /* FoodDetailViewController.m in Sources */ = {isa = PBXBuildFile; fileRef = 7CDB145A190B505F00434AC9 /* FoodDetailViewController.m */; };
		7CDB145D190B51E700434AC9 /* photo-frame.png in Resources */ = {isa = PBXBuildFile; fileRef = 7CDB145C190B51E700434AC9 /* photo-frame.png */; };
		7CDB1460190B615B00434AC9 /* EventBean.m in Sources */ = {isa = PBXBuildFile; fileRef = 7CDB145F190B615B00434AC9 /* EventBean.m */; };
		7CDB1468190B91AE00434AC9 /* Social.framework in Frameworks */ = {isa = PBXBuildFile; fileRef = 7CDB1467190B91AE00434AC9 /* Social.framework */; };
		7CDB146A190B96AF00434AC9 /* EventKit.framework in Frameworks */ = {isa = PBXBuildFile; fileRef = 7CDB1469190B96AF00434AC9 /* EventKit.framework */; };
		7CDB146C190BA3A300434AC9 /* CoreLocation.framework in Frameworks */ = {isa = PBXBuildFile; fileRef = 7CDB146B190BA3A300434AC9 /* CoreLocation.framework */; };
		7CDB146E190BA69400434AC9 /* MapKit.framework in Frameworks */ = {isa = PBXBuildFile; fileRef = 7CDB146D190BA69400434AC9 /* MapKit.framework */; };
/* End PBXBuildFile section */

/* Begin PBXContainerItemProxy section */
		7C3ADBC5190843500039F594 /* PBXContainerItemProxy */ = {
			isa = PBXContainerItemProxy;
			containerPortal = 7C3ADB94190843500039F594 /* Project object */;
			proxyType = 1;
			remoteGlobalIDString = 7C3ADB9B190843500039F594;
			remoteInfo = FreeFood;
		};
/* End PBXContainerItemProxy section */

/* Begin PBXFileReference section */
		7C3ADB9C190843500039F594 /* FreeFood.app */ = {isa = PBXFileReference; explicitFileType = wrapper.application; includeInIndex = 0; path = FreeFood.app; sourceTree = BUILT_PRODUCTS_DIR; };
		7C3ADB9F190843500039F594 /* Foundation.framework */ = {isa = PBXFileReference; lastKnownFileType = wrapper.framework; name = Foundation.framework; path = System/Library/Frameworks/Foundation.framework; sourceTree = SDKROOT; };
		7C3ADBA1190843500039F594 /* CoreGraphics.framework */ = {isa = PBXFileReference; lastKnownFileType = wrapper.framework; name = CoreGraphics.framework; path = System/Library/Frameworks/CoreGraphics.framework; sourceTree = SDKROOT; };
		7C3ADBA3190843500039F594 /* UIKit.framework */ = {isa = PBXFileReference; lastKnownFileType = wrapper.framework; name = UIKit.framework; path = System/Library/Frameworks/UIKit.framework; sourceTree = SDKROOT; };
		7C3ADBA7190843500039F594 /* FreeFood-Info.plist */ = {isa = PBXFileReference; lastKnownFileType = text.plist.xml; path = "FreeFood-Info.plist"; sourceTree = "<group>"; };
		7C3ADBA9190843500039F594 /* en */ = {isa = PBXFileReference; lastKnownFileType = text.plist.strings; name = en; path = en.lproj/InfoPlist.strings; sourceTree = "<group>"; };
		7C3ADBAB190843500039F594 /* main.m */ = {isa = PBXFileReference; lastKnownFileType = sourcecode.c.objc; path = main.m; sourceTree = "<group>"; };
		7C3ADBAD190843500039F594 /* FreeFood-Prefix.pch */ = {isa = PBXFileReference; lastKnownFileType = sourcecode.c.h; path = "FreeFood-Prefix.pch"; sourceTree = "<group>"; };
		7C3ADBAE190843500039F594 /* AppDelegate.h */ = {isa = PBXFileReference; lastKnownFileType = sourcecode.c.h; path = AppDelegate.h; sourceTree = "<group>"; };
		7C3ADBAF190843500039F594 /* AppDelegate.m */ = {isa = PBXFileReference; lastKnownFileType = sourcecode.c.objc; path = AppDelegate.m; sourceTree = "<group>"; };
		7C3ADBB2190843500039F594 /* Base */ = {isa = PBXFileReference; lastKnownFileType = file.storyboard; name = Base; path = Base.lproj/Main.storyboard; sourceTree = "<group>"; };
		7C3ADBB4190843500039F594 /* FirstViewController.h */ = {isa = PBXFileReference; lastKnownFileType = sourcecode.c.h; path = FirstViewController.h; sourceTree = "<group>"; };
		7C3ADBB5190843500039F594 /* FirstViewController.m */ = {isa = PBXFileReference; lastKnownFileType = sourcecode.c.objc; path = FirstViewController.m; sourceTree = "<group>"; };
		7C3ADBB7190843500039F594 /* SecondViewController.h */ = {isa = PBXFileReference; lastKnownFileType = sourcecode.c.h; path = SecondViewController.h; sourceTree = "<group>"; };
		7C3ADBB8190843500039F594 /* SecondViewController.m */ = {isa = PBXFileReference; lastKnownFileType = sourcecode.c.objc; path = SecondViewController.m; sourceTree = "<group>"; };
		7C3ADBBA190843500039F594 /* Images.xcassets */ = {isa = PBXFileReference; lastKnownFileType = folder.assetcatalog; path = Images.xcassets; sourceTree = "<group>"; };
		7C3ADBC0190843500039F594 /* FreeFoodTests.xctest */ = {isa = PBXFileReference; explicitFileType = wrapper.cfbundle; includeInIndex = 0; path = FreeFoodTests.xctest; sourceTree = BUILT_PRODUCTS_DIR; };
		7C3ADBC1190843500039F594 /* XCTest.framework */ = {isa = PBXFileReference; lastKnownFileType = wrapper.framework; name = XCTest.framework; path = Library/Frameworks/XCTest.framework; sourceTree = DEVELOPER_DIR; };
		7C3ADBC9190843500039F594 /* FreeFoodTests-Info.plist */ = {isa = PBXFileReference; lastKnownFileType = text.plist.xml; path = "FreeFoodTests-Info.plist"; sourceTree = "<group>"; };
		7C3ADBCB190843500039F594 /* en */ = {isa = PBXFileReference; lastKnownFileType = text.plist.strings; name = en; path = en.lproj/InfoPlist.strings; sourceTree = "<group>"; };
		7C3ADBCD190843500039F594 /* FreeFoodTests.m */ = {isa = PBXFileReference; lastKnownFileType = sourcecode.c.objc; path = FreeFoodTests.m; sourceTree = "<group>"; };
		7CDB1456190B350B00434AC9 /* FoodViewCell.h */ = {isa = PBXFileReference; fileEncoding = 4; lastKnownFileType = sourcecode.c.h; path = FoodViewCell.h; sourceTree = "<group>"; };
		7CDB1457190B350B00434AC9 /* FoodViewCell.m */ = {isa = PBXFileReference; fileEncoding = 4; lastKnownFileType = sourcecode.c.objc; path = FoodViewCell.m; sourceTree = "<group>"; };
		7CDB1459190B505F00434AC9 /* FoodDetailViewController.h */ = {isa = PBXFileReference; fileEncoding = 4; lastKnownFileType = sourcecode.c.h; path = FoodDetailViewController.h; sourceTree = "<group>"; };
		7CDB145A190B505F00434AC9 /* FoodDetailViewController.m */ = {isa = PBXFileReference; fileEncoding = 4; lastKnownFileType = sourcecode.c.objc; path = FoodDetailViewController.m; sourceTree = "<group>"; };
		7CDB145C190B51E700434AC9 /* photo-frame.png */ = {isa = PBXFileReference; lastKnownFileType = image.png; path = "photo-frame.png"; sourceTree = "<group>"; };
		7CDB145E190B615B00434AC9 /* EventBean.h */ = {isa = PBXFileReference; fileEncoding = 4; lastKnownFileType = sourcecode.c.h; path = EventBean.h; sourceTree = "<group>"; };
		7CDB145F190B615B00434AC9 /* EventBean.m */ = {isa = PBXFileReference; fileEncoding = 4; lastKnownFileType = sourcecode.c.objc; path = EventBean.m; sourceTree = "<group>"; };
		7CDB1465190B78CB00434AC9 /* QuartzCore.framework */ = {isa = PBXFileReference; lastKnownFileType = wrapper.framework; name = QuartzCore.framework; path = System/Library/Frameworks/QuartzCore.framework; sourceTree = SDKROOT; };
		7CDB1467190B91AE00434AC9 /* Social.framework */ = {isa = PBXFileReference; lastKnownFileType = wrapper.framework; name = Social.framework; path = System/Library/Frameworks/Social.framework; sourceTree = SDKROOT; };
		7CDB1469190B96AF00434AC9 /* EventKit.framework */ = {isa = PBXFileReference; lastKnownFileType = wrapper.framework; name = EventKit.framework; path = System/Library/Frameworks/EventKit.framework; sourceTree = SDKROOT; };
		7CDB146B190BA3A300434AC9 /* CoreLocation.framework */ = {isa = PBXFileReference; lastKnownFileType = wrapper.framework; name = CoreLocation.framework; path = System/Library/Frameworks/CoreLocation.framework; sourceTree = SDKROOT; };
		7CDB146D190BA69400434AC9 /* MapKit.framework */ = {isa = PBXFileReference; lastKnownFileType = wrapper.framework; name = MapKit.framework; path = System/Library/Frameworks/MapKit.framework; sourceTree = SDKROOT; };
/* End PBXFileReference section */

/* Begin PBXFrameworksBuildPhase section */
		7C3ADB99190843500039F594 /* Frameworks */ = {
			isa = PBXFrameworksBuildPhase;
			buildActionMask = 2147483647;
			files = (
				7CDB146E190BA69400434AC9 /* MapKit.framework in Frameworks */,
				7CDB146C190BA3A300434AC9 /* CoreLocation.framework in Frameworks */,
				7CDB146A190B96AF00434AC9 /* EventKit.framework in Frameworks */,
				7CDB1468190B91AE00434AC9 /* Social.framework in Frameworks */,
				7C3ADBA2190843500039F594 /* CoreGraphics.framework in Frameworks */,
				7C3ADBA4190843500039F594 /* UIKit.framework in Frameworks */,
				7C3ADBA0190843500039F594 /* Foundation.framework in Frameworks */,
			);
			runOnlyForDeploymentPostprocessing = 0;
		};
		7C3ADBBD190843500039F594 /* Frameworks */ = {
			isa = PBXFrameworksBuildPhase;
			buildActionMask = 2147483647;
			files = (
				7C3ADBC2190843500039F594 /* XCTest.framework in Frameworks */,
				7C3ADBC4190843500039F594 /* UIKit.framework in Frameworks */,
				7C3ADBC3190843500039F594 /* Foundation.framework in Frameworks */,
			);
			runOnlyForDeploymentPostprocessing = 0;
		};
/* End PBXFrameworksBuildPhase section */

/* Begin PBXGroup section */
		7C3ADB93190843500039F594 = {
			isa = PBXGroup;
			children = (
				7C3ADBA5190843500039F594 /* FreeFood */,
				7C3ADBC7190843500039F594 /* FreeFoodTests */,
				7C3ADB9E190843500039F594 /* Frameworks */,
				7C3ADB9D190843500039F594 /* Products */,
			);
			sourceTree = "<group>";
		};
		7C3ADB9D190843500039F594 /* Products */ = {
			isa = PBXGroup;
			children = (
				7C3ADB9C190843500039F594 /* FreeFood.app */,
				7C3ADBC0190843500039F594 /* FreeFoodTests.xctest */,
			);
			name = Products;
			sourceTree = "<group>";
		};
		7C3ADB9E190843500039F594 /* Frameworks */ = {
			isa = PBXGroup;
			children = (
				7CDB146D190BA69400434AC9 /* MapKit.framework */,
				7CDB146B190BA3A300434AC9 /* CoreLocation.framework */,
				7CDB1469190B96AF00434AC9 /* EventKit.framework */,
				7CDB1467190B91AE00434AC9 /* Social.framework */,
				7CDB1465190B78CB00434AC9 /* QuartzCore.framework */,
				7C3ADB9F190843500039F594 /* Foundation.framework */,
				7C3ADBA1190843500039F594 /* CoreGraphics.framework */,
				7C3ADBA3190843500039F594 /* UIKit.framework */,
				7C3ADBC1190843500039F594 /* XCTest.framework */,
			);
			name = Frameworks;
			sourceTree = "<group>";
		};
		7C3ADBA5190843500039F594 /* FreeFood */ = {
			isa = PBXGroup;
			children = (
				7CDB145C190B51E700434AC9 /* photo-frame.png */,
				7C3ADBAE190843500039F594 /* AppDelegate.h */,
				7C3ADBAF190843500039F594 /* AppDelegate.m */,
				7C3ADBB1190843500039F594 /* Main.storyboard */,
				7C3ADBB4190843500039F594 /* FirstViewController.h */,
				7C3ADBB5190843500039F594 /* FirstViewController.m */,
				7C3ADBB7190843500039F594 /* SecondViewController.h */,
				7C3ADBB8190843500039F594 /* SecondViewController.m */,
				7C3ADBBA190843500039F594 /* Images.xcassets */,
				7C3ADBA6190843500039F594 /* Supporting Files */,
				7CDB1456190B350B00434AC9 /* FoodViewCell.h */,
				7CDB1457190B350B00434AC9 /* FoodViewCell.m */,
				7CDB1459190B505F00434AC9 /* FoodDetailViewController.h */,
				7CDB145A190B505F00434AC9 /* FoodDetailViewController.m */,
				7CDB145E190B615B00434AC9 /* EventBean.h */,
				7CDB145F190B615B00434AC9 /* EventBean.m */,
			);
			path = FreeFood;
			sourceTree = "<group>";
		};
		7C3ADBA6190843500039F594 /* Supporting Files */ = {
			isa = PBXGroup;
			children = (
				7C3ADBA7190843500039F594 /* FreeFood-Info.plist */,
				7C3ADBA8190843500039F594 /* InfoPlist.strings */,
				7C3ADBAB190843500039F594 /* main.m */,
				7C3ADBAD190843500039F594 /* FreeFood-Prefix.pch */,
			);
			name = "Supporting Files";
			sourceTree = "<group>";
		};
		7C3ADBC7190843500039F594 /* FreeFoodTests */ = {
			isa = PBXGroup;
			children = (
				7C3ADBCD190843500039F594 /* FreeFoodTests.m */,
				7C3ADBC8190843500039F594 /* Supporting Files */,
			);
			path = FreeFoodTests;
			sourceTree = "<group>";
		};
		7C3ADBC8190843500039F594 /* Supporting Files */ = {
			isa = PBXGroup;
			children = (
				7C3ADBC9190843500039F594 /* FreeFoodTests-Info.plist */,
				7C3ADBCA190843500039F594 /* InfoPlist.strings */,
			);
			name = "Supporting Files";
			sourceTree = "<group>";
		};
/* End PBXGroup section */

/* Begin PBXNativeTarget section */
		7C3ADB9B190843500039F594 /* FreeFood */ = {
			isa = PBXNativeTarget;
			buildConfigurationList = 7C3ADBD1190843500039F594 /* Build configuration list for PBXNativeTarget "FreeFood" */;
			buildPhases = (
				7C3ADB98190843500039F594 /* Sources */,
				7C3ADB99190843500039F594 /* Frameworks */,
				7C3ADB9A190843500039F594 /* Resources */,
			);
			buildRules = (
			);
			dependencies = (
			);
			name = FreeFood;
			productName = FreeFood;
			productReference = 7C3ADB9C190843500039F594 /* FreeFood.app */;
			productType = "com.apple.product-type.application";
		};
		7C3ADBBF190843500039F594 /* FreeFoodTests */ = {
			isa = PBXNativeTarget;
			buildConfigurationList = 7C3ADBD4190843500039F594 /* Build configuration list for PBXNativeTarget "FreeFoodTests" */;
			buildPhases = (
				7C3ADBBC190843500039F594 /* Sources */,
				7C3ADBBD190843500039F594 /* Frameworks */,
				7C3ADBBE190843500039F594 /* Resources */,
			);
			buildRules = (
			);
			dependencies = (
				7C3ADBC6190843500039F594 /* PBXTargetDependency */,
			);
			name = FreeFoodTests;
			productName = FreeFoodTests;
			productReference = 7C3ADBC0190843500039F594 /* FreeFoodTests.xctest */;
			productType = "com.apple.product-type.bundle.unit-test";
		};
/* End PBXNativeTarget section */

/* Begin PBXProject section */
		7C3ADB94190843500039F594 /* Project object */ = {
			isa = PBXProject;
			attributes = {
				LastUpgradeCheck = 0510;
				ORGANIZATIONNAME = "Hao Ge";
				TargetAttributes = {
					7C3ADB9B190843500039F594 = {
						DevelopmentTeam = 9VUC3R8D65;
					};
					7C3ADBBF190843500039F594 = {
						TestTargetID = 7C3ADB9B190843500039F594;
					};
				};
			};
			buildConfigurationList = 7C3ADB97190843500039F594 /* Build configuration list for PBXProject "FreeFood" */;
			compatibilityVersion = "Xcode 3.2";
			developmentRegion = English;
			hasScannedForEncodings = 0;
			knownRegions = (
				en,
				Base,
			);
			mainGroup = 7C3ADB93190843500039F594;
			productRefGroup = 7C3ADB9D190843500039F594 /* Products */;
			projectDirPath = "";
			projectRoot = "";
			targets = (
				7C3ADB9B190843500039F594 /* FreeFood */,
				7C3ADBBF190843500039F594 /* FreeFoodTests */,
			);
		};
/* End PBXProject section */

/* Begin PBXResourcesBuildPhase section */
		7C3ADB9A190843500039F594 /* Resources */ = {
			isa = PBXResourcesBuildPhase;
			buildActionMask = 2147483647;
			files = (
				7CDB145D190B51E700434AC9 /* photo-frame.png in Resources */,
				7C3ADBBB190843500039F594 /* Images.xcassets in Resources */,
				7C3ADBAA190843500039F594 /* InfoPlist.strings in Resources */,
				7C3ADBB3190843500039F594 /* Main.storyboard in Resources */,
			);
			runOnlyForDeploymentPostprocessing = 0;
		};
		7C3ADBBE190843500039F594 /* Resources */ = {
			isa = PBXResourcesBuildPhase;
			buildActionMask = 2147483647;
			files = (
				7C3ADBCC190843500039F594 /* InfoPlist.strings in Resources */,
			);
			runOnlyForDeploymentPostprocessing = 0;
		};
/* End PBXResourcesBuildPhase section */

/* Begin PBXSourcesBuildPhase section */
		7C3ADB98190843500039F594 /* Sources */ = {
			isa = PBXSourcesBuildPhase;
			buildActionMask = 2147483647;
			files = (
				7C3ADBB9190843500039F594 /* SecondViewController.m in Sources */,
				7CDB145B190B505F00434AC9 /* FoodDetailViewController.m in Sources */,
				7CDB1458190B350B00434AC9 /* FoodViewCell.m in Sources */,
				7C3ADBB0190843500039F594 /* AppDelegate.m in Sources */,
				7CDB1460190B615B00434AC9 /* EventBean.m in Sources */,
				7C3ADBB6190843500039F594 /* FirstViewController.m in Sources */,
				7C3ADBAC190843500039F594 /* main.m in Sources */,
			);
			runOnlyForDeploymentPostprocessing = 0;
		};
		7C3ADBBC190843500039F594 /* Sources */ = {
			isa = PBXSourcesBuildPhase;
			buildActionMask = 2147483647;
			files = (
				7C3ADBCE190843500039F594 /* FreeFoodTests.m in Sources */,
			);
			runOnlyForDeploymentPostprocessing = 0;
		};
/* End PBXSourcesBuildPhase section */

/* Begin PBXTargetDependency section */
		7C3ADBC6190843500039F594 /* PBXTargetDependency */ = {
			isa = PBXTargetDependency;
			target = 7C3ADB9B190843500039F594 /* FreeFood */;
			targetProxy = 7C3ADBC5190843500039F594 /* PBXContainerItemProxy */;
		};
/* End PBXTargetDependency section */

/* Begin PBXVariantGroup section */
		7C3ADBA8190843500039F594 /* InfoPlist.strings */ = {
			isa = PBXVariantGroup;
			children = (
				7C3ADBA9190843500039F594 /* en */,
			);
			name = InfoPlist.strings;
			sourceTree = "<group>";
		};
		7C3ADBB1190843500039F594 /* Main.storyboard */ = {
			isa = PBXVariantGroup;
			children = (
				7C3ADBB2190843500039F594 /* Base */,
			);
			name = Main.storyboard;
			sourceTree = "<group>";
		};
		7C3ADBCA190843500039F594 /* InfoPlist.strings */ = {
			isa = PBXVariantGroup;
			children = (
				7C3ADBCB190843500039F594 /* en */,
			);
			name = InfoPlist.strings;
			sourceTree = "<group>";
		};
/* End PBXVariantGroup section */

/* Begin XCBuildConfiguration section */
		7C3ADBCF190843500039F594 /* Debug */ = {
			isa = XCBuildConfiguration;
			buildSettings = {
				ALWAYS_SEARCH_USER_PATHS = NO;
				CLANG_CXX_LANGUAGE_STANDARD = "gnu++0x";
				CLANG_CXX_LIBRARY = "libc++";
				CLANG_ENABLE_MODULES = YES;
				CLANG_ENABLE_OBJC_ARC = YES;
				CLANG_WARN_BOOL_CONVERSION = YES;
				CLANG_WARN_CONSTANT_CONVERSION = YES;
				CLANG_WARN_DIRECT_OBJC_ISA_USAGE = YES_ERROR;
				CLANG_WARN_EMPTY_BODY = YES;
				CLANG_WARN_ENUM_CONVERSION = YES;
				CLANG_WARN_INT_CONVERSION = YES;
				CLANG_WARN_OBJC_ROOT_CLASS = YES_ERROR;
				CLANG_WARN__DUPLICATE_METHOD_MATCH = YES;
				"CODE_SIGN_IDENTITY[sdk=iphoneos*]" = "iPhone Developer";
				COPY_PHASE_STRIP = NO;
				GCC_C_LANGUAGE_STANDARD = gnu99;
				GCC_DYNAMIC_NO_PIC = NO;
				GCC_OPTIMIZATION_LEVEL = 0;
				GCC_PREPROCESSOR_DEFINITIONS = (
					"DEBUG=1",
					"$(inherited)",
				);
				GCC_SYMBOLS_PRIVATE_EXTERN = NO;
				GCC_WARN_64_TO_32_BIT_CONVERSION = YES;
				GCC_WARN_ABOUT_RETURN_TYPE = YES_ERROR;
				GCC_WARN_UNDECLARED_SELECTOR = YES;
				GCC_WARN_UNINITIALIZED_AUTOS = YES_AGGRESSIVE;
				GCC_WARN_UNUSED_FUNCTION = YES;
				GCC_WARN_UNUSED_VARIABLE = YES;
				IPHONEOS_DEPLOYMENT_TARGET = 7.1;
				ONLY_ACTIVE_ARCH = YES;
				SDKROOT = iphoneos;
			};
			name = Debug;
		};
		7C3ADBD0190843500039F594 /* Release */ = {
			isa = XCBuildConfiguration;
			buildSettings = {
				ALWAYS_SEARCH_USER_PATHS = NO;
				CLANG_CXX_LANGUAGE_STANDARD = "gnu++0x";
				CLANG_CXX_LIBRARY = "libc++";
				CLANG_ENABLE_MODULES = YES;
				CLANG_ENABLE_OBJC_ARC = YES;
				CLANG_WARN_BOOL_CONVERSION = YES;
				CLANG_WARN_CONSTANT_CONVERSION = YES;
				CLANG_WARN_DIRECT_OBJC_ISA_USAGE = YES_ERROR;
				CLANG_WARN_EMPTY_BODY = YES;
				CLANG_WARN_ENUM_CONVERSION = YES;
				CLANG_WARN_INT_CONVERSION = YES;
				CLANG_WARN_OBJC_ROOT_CLASS = YES_ERROR;
				CLANG_WARN__DUPLICATE_METHOD_MATCH = YES;
				"CODE_SIGN_IDENTITY[sdk=iphoneos*]" = "iPhone Developer";
				COPY_PHASE_STRIP = YES;
				ENABLE_NS_ASSERTIONS = NO;
				GCC_C_LANGUAGE_STANDARD = gnu99;
				GCC_WARN_64_TO_32_BIT_CONVERSION = YES;
				GCC_WARN_ABOUT_RETURN_TYPE = YES_ERROR;
				GCC_WARN_UNDECLARED_SELECTOR = YES;
				GCC_WARN_UNINITIALIZED_AUTOS = YES_AGGRESSIVE;
				GCC_WARN_UNUSED_FUNCTION = YES;
				GCC_WARN_UNUSED_VARIABLE = YES;
				IPHONEOS_DEPLOYMENT_TARGET = 7.1;
				SDKROOT = iphoneos;
				VALIDATE_PRODUCT = YES;
			};
			name = Release;
		};
		7C3ADBD2190843500039F594 /* Debug */ = {
			isa = XCBuildConfiguration;
			buildSettings = {
				ASSETCATALOG_COMPILER_APPICON_NAME = AppIcon;
				ASSETCATALOG_COMPILER_LAUNCHIMAGE_NAME = LaunchImage;
				CODE_SIGN_IDENTITY = "iPhone Developer";
				"CODE_SIGN_IDENTITY[sdk=iphoneos*]" = "iPhone Developer";
				GCC_PRECOMPILE_PREFIX_HEADER = YES;
				GCC_PREFIX_HEADER = "FreeFood/FreeFood-Prefix.pch";
				INFOPLIST_FILE = "FreeFood/FreeFood-Info.plist";
				PRODUCT_NAME = "$(TARGET_NAME)";
				PROVISIONING_PROFILE = "";
				WRAPPER_EXTENSION = app;
			};
			name = Debug;
		};
		7C3ADBD3190843500039F594 /* Release */ = {
			isa = XCBuildConfiguration;
			buildSettings = {
				ASSETCATALOG_COMPILER_APPICON_NAME = AppIcon;
				ASSETCATALOG_COMPILER_LAUNCHIMAGE_NAME = LaunchImage;
				CODE_SIGN_IDENTITY = "iPhone Developer";
				"CODE_SIGN_IDENTITY[sdk=iphoneos*]" = "iPhone Developer";
				GCC_PRECOMPILE_PREFIX_HEADER = YES;
				GCC_PREFIX_HEADER = "FreeFood/FreeFood-Prefix.pch";
				INFOPLIST_FILE = "FreeFood/FreeFood-Info.plist";
				PRODUCT_NAME = "$(TARGET_NAME)";
				PROVISIONING_PROFILE = "";
				WRAPPER_EXTENSION = app;
			};
			name = Release;
		};
		7C3ADBD5190843500039F594 /* Debug */ = {
			isa = XCBuildConfiguration;
			buildSettings = {
				BUNDLE_LOADER = "$(BUILT_PRODUCTS_DIR)/FreeFood.app/FreeFood";
				FRAMEWORK_SEARCH_PATHS = (
					"$(SDKROOT)/Developer/Library/Frameworks",
					"$(inherited)",
					"$(DEVELOPER_FRAMEWORKS_DIR)",
				);
				GCC_PRECOMPILE_PREFIX_HEADER = YES;
				GCC_PREFIX_HEADER = "FreeFood/FreeFood-Prefix.pch";
				GCC_PREPROCESSOR_DEFINITIONS = (
					"DEBUG=1",
					"$(inherited)",
				);
				INFOPLIST_FILE = "FreeFoodTests/FreeFoodTests-Info.plist";
				PRODUCT_NAME = "$(TARGET_NAME)";
				TEST_HOST = "$(BUNDLE_LOADER)";
				WRAPPER_EXTENSION = xctest;
			};
			name = Debug;
		};
		7C3ADBD6190843500039F594 /* Release */ = {
			isa = XCBuildConfiguration;
			buildSettings = {
				BUNDLE_LOADER = "$(BUILT_PRODUCTS_DIR)/FreeFood.app/FreeFood";
				FRAMEWORK_SEARCH_PATHS = (
					"$(SDKROOT)/Developer/Library/Frameworks",
					"$(inherited)",
					"$(DEVELOPER_FRAMEWORKS_DIR)",
				);
				GCC_PRECOMPILE_PREFIX_HEADER = YES;
				GCC_PREFIX_HEADER = "FreeFood/FreeFood-Prefix.pch";
				INFOPLIST_FILE = "FreeFoodTests/FreeFoodTests-Info.plist";
				PRODUCT_NAME = "$(TARGET_NAME)";
				TEST_HOST = "$(BUNDLE_LOADER)";
				WRAPPER_EXTENSION = xctest;
			};
			name = Release;
		};
/* End XCBuildConfiguration section */

/* Begin XCConfigurationList section */
		7C3ADB97190843500039F594 /* Build configuration list for PBXProject "FreeFood" */ = {
			isa = XCConfigurationList;
			buildConfigurations = (
				7C3ADBCF190843500039F594 /* Debug */,
				7C3ADBD0190843500039F594 /* Release */,
			);
			defaultConfigurationIsVisible = 0;
			defaultConfigurationName = Release;
		};
		7C3ADBD1190843500039F594 /* Build configuration list for PBXNativeTarget "FreeFood" */ = {
			isa = XCConfigurationList;
			buildConfigurations = (
				7C3ADBD2190843500039F594 /* Debug */,
				7C3ADBD3190843500039F594 /* Release */,
			);
			defaultConfigurationIsVisible = 0;
			defaultConfigurationName = Release;
		};
		7C3ADBD4190843500039F594 /* Build configuration list for PBXNativeTarget "FreeFoodTests" */ = {
			isa = XCConfigurationList;
			buildConfigurations = (
				7C3ADBD5190843500039F594 /* Debug */,
				7C3ADBD6190843500039F594 /* Release */,
			);
			defaultConfigurationIsVisible = 0;
			defaultConfigurationName = Release;
		};
/* End XCConfigurationList section */
	};
	rootObject = 7C3ADB94190843500039F594 /* Project object */;
}
